// !$*UTF8*$!
{
	archiveVersion = 1;
	classes = {
	};
	objectVersion = 46;
	objects = {

/* Begin PBXBuildFile section */
		C2EA62391CB3F782004A0AEB /* AppDelegate.swift in Sources */ = {isa = PBXBuildFile; fileRef = C2EA62381CB3F782004A0AEB /* AppDelegate.swift */; };
		C2EA623B1CB3F782004A0AEB /* ViewController.swift in Sources */ = {isa = PBXBuildFile; fileRef = C2EA623A1CB3F782004A0AEB /* ViewController.swift */; };
		C2EA623E1CB3F782004A0AEB /* Main.storyboard in Resources */ = {isa = PBXBuildFile; fileRef = C2EA623C1CB3F782004A0AEB /* Main.storyboard */; };
		C2EA62401CB3F782004A0AEB /* Assets.xcassets in Resources */ = {isa = PBXBuildFile; fileRef = C2EA623F1CB3F782004A0AEB /* Assets.xcassets */; };
		C2EA62431CB3F782004A0AEB /* LaunchScreen.storyboard in Resources */ = {isa = PBXBuildFile; fileRef = C2EA62411CB3F782004A0AEB /* LaunchScreen.storyboard */; };
/* End PBXBuildFile section */

/* Begin PBXFileReference section */
		C2EA62351CB3F782004A0AEB /* Shashtag.app */ = {isa = PBXFileReference; explicitFileType = wrapper.application; includeInIndex = 0; path = Shashtag.app; sourceTree = BUILT_PRODUCTS_DIR; };
		C2EA62381CB3F782004A0AEB /* AppDelegate.swift */ = {isa = PBXFileReference; lastKnownFileType = sourcecode.swift; path = AppDelegate.swift; sourceTree = "<group>"; };
		C2EA623A1CB3F782004A0AEB /* ViewController.swift */ = {isa = PBXFileReference; lastKnownFileType = sourcecode.swift; path = ViewController.swift; sourceTree = "<group>"; };
		C2EA623D1CB3F782004A0AEB /* Base */ = {isa = PBXFileReference; lastKnownFileType = file.storyboard; name = Base; path = Base.lproj/Main.storyboard; sourceTree = "<group>"; };
		C2EA623F1CB3F782004A0AEB /* Assets.xcassets */ = {isa = PBXFileReference; lastKnownFileType = folder.assetcatalog; path = Assets.xcassets; sourceTree = "<group>"; };
		C2EA62421CB3F782004A0AEB /* Base */ = {isa = PBXFileReference; lastKnownFileType = file.storyboard; name = Base; path = Base.lproj/LaunchScreen.storyboard; sourceTree = "<group>"; };
		C2EA62441CB3F782004A0AEB /* Info.plist */ = {isa = PBXFileReference; lastKnownFileType = text.plist.xml; path = Info.plist; sourceTree = "<group>"; };
/* End PBXFileReference section */

/* Begin PBXFrameworksBuildPhase section */
		C2EA62321CB3F782004A0AEB /* Frameworks */ = {
			isa = PBXFrameworksBuildPhase;
			buildActionMask = 2147483647;
			files = (
			);
			runOnlyForDeploymentPostprocessing = 0;
		};
/* End PBXFrameworksBuildPhase section */

/* Begin PBXGroup section */
		C2EA622C1CB3F782004A0AEB = {
			isa = PBXGroup;
			children = (
				C2EA62371CB3F782004A0AEB /* Shashtag */,
				C2EA62361CB3F782004A0AEB /* Products */,
			);
			sourceTree = "<group>";
		};
		C2EA62361CB3F782004A0AEB /* Products */ = {
			isa = PBXGroup;
			children = (
				C2EA62351CB3F782004A0AEB /* Shashtag.app */,
			);
			name = Products;
			sourceTree = "<group>";
		};
		C2EA62371CB3F782004A0AEB /* Shashtag */ = {
			isa = PBXGroup;
			children = (
				C2EA62381CB3F782004A0AEB /* AppDelegate.swift */,
				C2EA623A1CB3F782004A0AEB /* ViewController.swift */,
				C2EA623C1CB3F782004A0AEB /* Main.storyboard */,
				C2EA623F1CB3F782004A0AEB /* Assets.xcassets */,
				C2EA62411CB3F782004A0AEB /* LaunchScreen.storyboard */,
				C2EA62441CB3F782004A0AEB /* Info.plist */,
			);
			path = Shashtag;
			sourceTree = "<group>";
		};
/* End PBXGroup section */

/* Begin PBXNativeTarget section */
		C2EA62341CB3F782004A0AEB /* Shashtag */ = {
			isa = PBXNativeTarget;
			buildConfigurationList = C2EA62471CB3F782004A0AEB /* Build configuration list for PBXNativeTarget "Shashtag" */;
			buildPhases = (
				C2EA62311CB3F782004A0AEB /* Sources */,
				C2EA62321CB3F782004A0AEB /* Frameworks */,
				C2EA62331CB3F782004A0AEB /* Resources */,
			);
			buildRules = (
			);
			dependencies = (
			);
			name = Shashtag;
			productName = Shashtag;
			productReference = C2EA62351CB3F782004A0AEB /* Shashtag.app */;
			productType = "com.apple.product-type.application";
		};
/* End PBXNativeTarget section */

/* Begin PBXProject section */
		C2EA622D1CB3F782004A0AEB /* Project object */ = {
			isa = PBXProject;
			attributes = {
				LastSwiftUpdateCheck = 0710;
				LastUpgradeCheck = 0710;
				ORGANIZATIONNAME = "Luther College";
				TargetAttributes = {
					C2EA62341CB3F782004A0AEB = {
						CreatedOnToolsVersion = 7.1.1;
					};
				};
			};
			buildConfigurationList = C2EA62301CB3F782004A0AEB /* Build configuration list for PBXProject "Shashtag" */;
			compatibilityVersion = "Xcode 3.2";
			developmentRegion = English;
			hasScannedForEncodings = 0;
			knownRegions = (
				en,
				Base,
			);
			mainGroup = C2EA622C1CB3F782004A0AEB;
			productRefGroup = C2EA62361CB3F782004A0AEB /* Products */;
			projectDirPath = "";
			projectRoot = "";
			targets = (
				C2EA62341CB3F782004A0AEB /* Shashtag */,
			);
		};
/* End PBXProject section */

/* Begin PBXResourcesBuildPhase section */
		C2EA62331CB3F782004A0AEB /* Resources */ = {
			isa = PBXResourcesBuildPhase;
			buildActionMask = 2147483647;
			files = (
				C2EA62431CB3F782004A0AEB /* LaunchScreen.storyboard in Resources */,
				C2EA62401CB3F782004A0AEB /* Assets.xcassets in Resources */,
				C2EA623E1CB3F782004A0AEB /* Main.storyboard in Resources */,
			);
			runOnlyForDeploymentPostprocessing = 0;
		};
/* End PBXResourcesBuildPhase section */

/* Begin PBXSourcesBuildPhase section */
		C2EA62311CB3F782004A0AEB /* Sources */ = {
			isa = PBXSourcesBuildPhase;
			buildActionMask = 2147483647;
			files = (
				C2EA623B1CB3F782004A0AEB /* ViewController.swift in Sources */,
				C2EA62391CB3F782004A0AEB /* AppDelegate.swift in Sources */,
			);
			runOnlyForDeploymentPostprocessing = 0;
		};
/* End PBXSourcesBuildPhase section */

/* Begin PBXVariantGroup section */
		C2EA623C1CB3F782004A0AEB /* Main.storyboard */ = {
			isa = PBXVariantGroup;
			children = (
				C2EA623D1CB3F782004A0AEB /* Base */,
			);
			name = Main.storyboard;
			sourceTree = "<group>";
		};
		C2EA62411CB3F782004A0AEB /* LaunchScreen.storyboard */ = {
			isa = PBXVariantGroup;
			children = (
				C2EA62421CB3F782004A0AEB /* Base */,
			);
			name = LaunchScreen.storyboard;
			sourceTree = "<group>";
		};
/* End PBXVariantGroup section */

/* Begin XCBuildConfiguration section */
		C2EA62451CB3F782004A0AEB /* Debug */ = {
			isa = XCBuildConfiguration;
			buildSettings = {
				ALWAYS_SEARCH_USER_PATHS = NO;
				CLANG_CXX_LANGUAGE_STANDARD = "gnu++0x";
				CLANG_CXX_LIBRARY = "libc++";
				CLANG_ENABLE_MODULES = YES;
				CLANG_ENABLE_OBJC_ARC = YES;
				CLANG_WARN_BOOL_CONVERSION = YES;
				CLANG_WARN_CONSTANT_CONVERSION = YES;
				CLANG_WARN_DIRECT_OBJC_ISA_USAGE = YES_ERROR;
				CLANG_WARN_EMPTY_BODY = YES;
				CLANG_WARN_ENUM_CONVERSION = YES;
				CLANG_WARN_INT_CONVERSION = YES;
				CLANG_WARN_OBJC_ROOT_CLASS = YES_ERROR;
				CLANG_WARN_UNREACHABLE_CODE = YES;
				CLANG_WARN__DUPLICATE_METHOD_MATCH = YES;
				"CODE_SIGN_IDENTITY[sdk=iphoneos*]" = "iPhone Developer";
				COPY_PHASE_STRIP = NO;
				DEBUG_INFORMATION_FORMAT = dwarf;
				ENABLE_STRICT_OBJC_MSGSEND = YES;
				ENABLE_TESTABILITY = YES;
				GCC_C_LANGUAGE_STANDARD = gnu99;
				GCC_DYNAMIC_NO_PIC = NO;
				GCC_NO_COMMON_BLOCKS = YES;
				GCC_OPTIMIZATION_LEVEL = 0;
				GCC_PREPROCESSOR_DEFINITIONS = (
					"DEBUG=1",
					"$(inherited)",
				);
				GCC_WARN_64_TO_32_BIT_CONVERSION = YES;
				GCC_WARN_ABOUT_RETURN_TYPE = YES_ERROR;
				GCC_WARN_UNDECLARED_SELECTOR = YES;
				GCC_WARN_UNINITIALIZED_AUTOS = YES_AGGRESSIVE;
				GCC_WARN_UNUSED_FUNCTION = YES;
				GCC_WARN_UNUSED_VARIABLE = YES;
				IPHONEOS_DEPLOYMENT_TARGET = 9.1;
				MTL_ENABLE_DEBUG_INFO = YES;
				ONLY_ACTIVE_ARCH = YES;
				SDKROOT = iphoneos;
				SWIFT_OPTIMIZATION_LEVEL = "-Onone";
				TARGETED_DEVICE_FAMILY = "1,2";
			};
			name = Debug;
		};
		C2EA62461CB3F782004A0AEB /* Release */ = {
			isa = XCBuildConfiguration;
			buildSettings = {
				ALWAYS_SEARCH_USER_PATHS = NO;
				CLANG_CXX_LANGUAGE_STANDARD = "gnu++0x";
				CLANG_CXX_LIBRARY = "libc++";
				CLANG_ENABLE_MODULES = YES;
				CLANG_ENABLE_OBJC_ARC = YES;
				CLANG_WARN_BOOL_CONVERSION = YES;
				CLANG_WARN_CONSTANT_CONVERSION = YES;
				CLANG_WARN_DIRECT_OBJC_ISA_USAGE = YES_ERROR;
				CLANG_WARN_EMPTY_BODY = YES;
				CLANG_WARN_ENUM_CONVERSION = YES;
				CLANG_WARN_INT_CONVERSION = YES;
				CLANG_WARN_OBJC_ROOT_CLASS = YES_ERROR;
				CLANG_WARN_UNREACHABLE_CODE = YES;
				CLANG_WARN__DUPLICATE_METHOD_MATCH = YES;
				"CODE_SIGN_IDENTITY[sdk=iphoneos*]" = "iPhone Developer";
				COPY_PHASE_STRIP = NO;
				DEBUG_INFORMATION_FORMAT = "dwarf-with-dsym";
				ENABLE_NS_ASSERTIONS = NO;
				ENABLE_STRICT_OBJC_MSGSEND = YES;
				GCC_C_LANGUAGE_STANDARD = gnu99;
				GCC_NO_COMMON_BLOCKS = YES;
				GCC_WARN_64_TO_32_BIT_CONVERSION = YES;
				GCC_WARN_ABOUT_RETURN_TYPE = YES_ERROR;
				GCC_WARN_UNDECLARED_SELECTOR = YES;
				GCC_WARN_UNINITIALIZED_AUTOS = YES_AGGRESSIVE;
				GCC_WARN_UNUSED_FUNCTION = YES;
				GCC_WARN_UNUSED_VARIABLE = YES;
				IPHONEOS_DEPLOYMENT_TARGET = 9.1;
				MTL_ENABLE_DEBUG_INFO = NO;
				SDKROOT = iphoneos;
				TARGETED_DEVICE_FAMILY = "1,2";
				VALIDATE_PRODUCT = YES;
			};
			name = Release;
		};
		C2EA62481CB3F782004A0AEB /* Debug */ = {
			isa = XCBuildConfiguration;
			buildSettings = {
				ASSETCATALOG_COMPILER_APPICON_NAME = AppIcon;
				INFOPLIST_FILE = Shashtag/Info.plist;
				LD_RUNPATH_SEARCH_PATHS = "$(inherited) @executable_path/Frameworks";
				PRODUCT_BUNDLE_IDENTIFIER = raidi01.edu.luther.cs353.Shashtag;
				PRODUCT_NAME = "$(TARGET_NAME)";
			};
			name = Debug;
		};
		C2EA62491CB3F782004A0AEB /* Release */ = {
			isa = XCBuildConfiguration;
			buildSettings = {
				ASSETCATALOG_COMPILER_APPICON_NAME = AppIcon;
				INFOPLIST_FILE = Shashtag/Info.plist;
				LD_RUNPATH_SEARCH_PATHS = "$(inherited) @executable_path/Frameworks";
				PRODUCT_BUNDLE_IDENTIFIER = raidi01.edu.luther.cs353.Shashtag;
				PRODUCT_NAME = "$(TARGET_NAME)";
			};
			name = Release;
		};
/* End XCBuildConfiguration section */

/* Begin XCConfigurationList section */
		C2EA62301CB3F782004A0AEB /* Build configuration list for PBXProject "Shashtag" */ = {
			isa = XCConfigurationList;
			buildConfigurations = (
				C2EA62451CB3F782004A0AEB /* Debug */,
				C2EA62461CB3F782004A0AEB /* Release */,
			);
			defaultConfigurationIsVisible = 0;
			defaultConfigurationName = Release;
		};
		C2EA62471CB3F782004A0AEB /* Build configuration list for PBXNativeTarget "Shashtag" */ = {
			isa = XCConfigurationList;
			buildConfigurations = (
				C2EA62481CB3F782004A0AEB /* Debug */,
				C2EA62491CB3F782004A0AEB /* Release */,
			);
			defaultConfigurationIsVisible = 0;
		};
/* End XCConfigurationList section */
	};
	rootObject = C2EA622D1CB3F782004A0AEB /* Project object */;
}
